// !$*UTF8*$!
{
	archiveVersion = 1;
	classes = {
	};
	objectVersion = 46;
	objects = {

/* Begin PBXBuildFile section */
		8A3AEBF71B68200900B75949 /* main.cpp in Sources */ = {isa = PBXBuildFile; fileRef = 8A3AEBF61B68200900B75949 /* main.cpp */; };
		8A3AEC061B6821D100B75949 /* input.cpp in Sources */ = {isa = PBXBuildFile; fileRef = 8A3AEBFD1B6821D100B75949 /* input.cpp */; };
		8A3AEC071B6821D100B75949 /* kernel_float_2d.cl in Sources */ = {isa = PBXBuildFile; fileRef = 8A3AEC001B6821D100B75949 /* kernel_float_2d.cl */; };
		8A3AEC081B6821D100B75949 /* kernel_float_3d.cl in Sources */ = {isa = PBXBuildFile; fileRef = 8A3AEC011B6821D100B75949 /* kernel_float_3d.cl */; };
		8A3AEC091B6821D100B75949 /* simulator_2d.cpp in Sources */ = {isa = PBXBuildFile; fileRef = 8A3AEC021B6821D100B75949 /* simulator_2d.cpp */; };
		8A3AEC0A1B6821D100B75949 /* simulator_3d.cpp in Sources */ = {isa = PBXBuildFile; fileRef = 8A3AEC041B6821D100B75949 /* simulator_3d.cpp */; };
		8A3AEC1D1B6821E500B75949 /* cl_common.cpp in Sources */ = {isa = PBXBuildFile; fileRef = 8A3AEC0D1B6821E500B75949 /* cl_common.cpp */; };
		8A3AEC211B6821E500B75949 /* randn.cpp in Sources */ = {isa = PBXBuildFile; fileRef = 8A3AEC161B6821E500B75949 /* randn.cpp */; };
		8A3AEC231B6821E500B75949 /* simulator.cpp in Sources */ = {isa = PBXBuildFile; fileRef = 8A3AEC191B6821E500B75949 /* simulator.cpp */; };
		8A3AEC241B6821E500B75949 /* util.cpp in Sources */ = {isa = PBXBuildFile; fileRef = 8A3AEC1B1B6821E500B75949 /* util.cpp */; };
/* End PBXBuildFile section */

/* Begin PBXCopyFilesBuildPhase section */
		8A3AEBF11B68200900B75949 /* CopyFiles */ = {
			isa = PBXCopyFilesBuildPhase;
			buildActionMask = 2147483647;
			dstPath = /usr/share/man/man1/;
			dstSubfolderSpec = 0;
			files = (
			);
			runOnlyForDeploymentPostprocessing = 1;
		};
/* End PBXCopyFilesBuildPhase section */

/* Begin PBXFileReference section */
		8A3AEBF31B68200900B75949 /* CahnHilliardFD2 */ = {isa = PBXFileReference; explicitFileType = "compiled.mach-o.executable"; includeInIndex = 0; path = CahnHilliardFD2; sourceTree = BUILT_PRODUCTS_DIR; };
		8A3AEBF61B68200900B75949 /* main.cpp */ = {isa = PBXFileReference; lastKnownFileType = sourcecode.cpp.cpp; path = main.cpp; sourceTree = "<group>"; };
		8A3AEBFD1B6821D100B75949 /* input.cpp */ = {isa = PBXFileReference; fileEncoding = 4; lastKnownFileType = sourcecode.cpp.cpp; path = input.cpp; sourceTree = "<group>"; };
		8A3AEBFE1B6821D100B75949 /* input.hpp */ = {isa = PBXFileReference; fileEncoding = 4; lastKnownFileType = sourcecode.cpp.h; path = input.hpp; sourceTree = "<group>"; };
		8A3AEC001B6821D100B75949 /* kernel_float_2d.cl */ = {isa = PBXFileReference; fileEncoding = 4; lastKnownFileType = sourcecode.opencl; path = kernel_float_2d.cl; sourceTree = "<group>"; };
		8A3AEC011B6821D100B75949 /* kernel_float_3d.cl */ = {isa = PBXFileReference; fileEncoding = 4; lastKnownFileType = sourcecode.opencl; path = kernel_float_3d.cl; sourceTree = "<group>"; };
		8A3AEC021B6821D100B75949 /* simulator_2d.cpp */ = {isa = PBXFileReference; fileEncoding = 4; lastKnownFileType = sourcecode.cpp.cpp; path = simulator_2d.cpp; sourceTree = "<group>"; };
		8A3AEC031B6821D100B75949 /* simulator_2d.hpp */ = {isa = PBXFileReference; fileEncoding = 4; lastKnownFileType = sourcecode.cpp.h; path = simulator_2d.hpp; sourceTree = "<group>"; };
		8A3AEC041B6821D100B75949 /* simulator_3d.cpp */ = {isa = PBXFileReference; fileEncoding = 4; lastKnownFileType = sourcecode.cpp.cpp; path = simulator_3d.cpp; sourceTree = "<group>"; };
		8A3AEC051B6821D100B75949 /* simulator_3d.hpp */ = {isa = PBXFileReference; fileEncoding = 4; lastKnownFileType = sourcecode.cpp.h; path = simulator_3d.hpp; sourceTree = "<group>"; };
		8A3AEC0D1B6821E500B75949 /* cl_common.cpp */ = {isa = PBXFileReference; fileEncoding = 4; lastKnownFileType = sourcecode.cpp.cpp; path = cl_common.cpp; sourceTree = "<group>"; };
		8A3AEC0E1B6821E500B75949 /* cl_common.hpp */ = {isa = PBXFileReference; fileEncoding = 4; lastKnownFileType = sourcecode.cpp.h; path = cl_common.hpp; sourceTree = "<group>"; };
		8A3AEC161B6821E500B75949 /* randn.cpp */ = {isa = PBXFileReference; fileEncoding = 4; lastKnownFileType = sourcecode.cpp.cpp; path = randn.cpp; sourceTree = "<group>"; };
		8A3AEC171B6821E500B75949 /* randn.hpp */ = {isa = PBXFileReference; fileEncoding = 4; lastKnownFileType = sourcecode.cpp.h; path = randn.hpp; sourceTree = "<group>"; };
		8A3AEC191B6821E500B75949 /* simulator.cpp */ = {isa = PBXFileReference; fileEncoding = 4; lastKnownFileType = sourcecode.cpp.cpp; path = simulator.cpp; sourceTree = "<group>"; };
		8A3AEC1A1B6821E500B75949 /* simulator.hpp */ = {isa = PBXFileReference; fileEncoding = 4; lastKnownFileType = sourcecode.cpp.h; path = simulator.hpp; sourceTree = "<group>"; };
		8A3AEC1B1B6821E500B75949 /* util.cpp */ = {isa = PBXFileReference; fileEncoding = 4; lastKnownFileType = sourcecode.cpp.cpp; path = util.cpp; sourceTree = "<group>"; };
		8A3AEC1C1B6821E500B75949 /* util.hpp */ = {isa = PBXFileReference; fileEncoding = 4; lastKnownFileType = sourcecode.cpp.h; path = util.hpp; sourceTree = "<group>"; };
/* End PBXFileReference section */

/* Begin PBXFrameworksBuildPhase section */
		8A3AEBF01B68200900B75949 /* Frameworks */ = {
			isa = PBXFrameworksBuildPhase;
			buildActionMask = 2147483647;
			files = (
			);
			runOnlyForDeploymentPostprocessing = 0;
		};
/* End PBXFrameworksBuildPhase section */

/* Begin PBXGroup section */
		8A3AEBEA1B68200900B75949 = {
			isa = PBXGroup;
			children = (
				8A3AEBF51B68200900B75949 /* CahnHilliardFD2 */,
				8A3AEC0B1B6821E500B75949 /* cl_common */,
				8A3AEC121B6821E500B75949 /* sim_common */,
				8A3AEBF41B68200900B75949 /* Products */,
			);
			sourceTree = "<group>";
		};
		8A3AEBF41B68200900B75949 /* Products */ = {
			isa = PBXGroup;
			children = (
				8A3AEBF31B68200900B75949 /* CahnHilliardFD2 */,
			);
			name = Products;
			sourceTree = "<group>";
		};
		8A3AEBF51B68200900B75949 /* CahnHilliardFD2 */ = {
			isa = PBXGroup;
			children = (
				8A3AEBF61B68200900B75949 /* main.cpp */,
				8A3AEBFD1B6821D100B75949 /* input.cpp */,
				8A3AEBFE1B6821D100B75949 /* input.hpp */,
				8A3AEBFF1B6821D100B75949 /* kernels */,
				8A3AEC021B6821D100B75949 /* simulator_2d.cpp */,
				8A3AEC031B6821D100B75949 /* simulator_2d.hpp */,
				8A3AEC041B6821D100B75949 /* simulator_3d.cpp */,
				8A3AEC051B6821D100B75949 /* simulator_3d.hpp */,
			);
			path = CahnHilliardFD2;
			sourceTree = "<group>";
		};
		8A3AEBFF1B6821D100B75949 /* kernels */ = {
			isa = PBXGroup;
			children = (
				8A3AEC001B6821D100B75949 /* kernel_float_2d.cl */,
				8A3AEC011B6821D100B75949 /* kernel_float_3d.cl */,
			);
			path = kernels;
			sourceTree = "<group>";
		};
		8A3AEC0B1B6821E500B75949 /* cl_common */ = {
			isa = PBXGroup;
			children = (
				8A3AEC0D1B6821E500B75949 /* cl_common.cpp */,
				8A3AEC0E1B6821E500B75949 /* cl_common.hpp */,
			);
			path = cl_common;
			sourceTree = "<group>";
		};
		8A3AEC121B6821E500B75949 /* sim_common */ = {
			isa = PBXGroup;
			children = (
				8A3AEC161B6821E500B75949 /* randn.cpp */,
				8A3AEC171B6821E500B75949 /* randn.hpp */,
				8A3AEC191B6821E500B75949 /* simulator.cpp */,
				8A3AEC1A1B6821E500B75949 /* simulator.hpp */,
				8A3AEC1B1B6821E500B75949 /* util.cpp */,
				8A3AEC1C1B6821E500B75949 /* util.hpp */,
			);
			path = sim_common;
			sourceTree = "<group>";
		};
/* End PBXGroup section */

/* Begin PBXNativeTarget section */
		8A3AEBF21B68200900B75949 /* CahnHilliardFD2 */ = {
			isa = PBXNativeTarget;
			buildConfigurationList = 8A3AEBFA1B68200900B75949 /* Build configuration list for PBXNativeTarget "CahnHilliardFD2" */;
			buildPhases = (
				8A3AEBEF1B68200900B75949 /* Sources */,
				8A3AEBF01B68200900B75949 /* Frameworks */,
				8A3AEBF11B68200900B75949 /* CopyFiles */,
			);
			buildRules = (
			);
			dependencies = (
			);
			name = CahnHilliardFD2;
			productName = CahnHilliardFD2;
			productReference = 8A3AEBF31B68200900B75949 /* CahnHilliardFD2 */;
			productType = "com.apple.product-type.tool";
		};
/* End PBXNativeTarget section */

/* Begin PBXProject section */
		8A3AEBEB1B68200900B75949 /* Project object */ = {
			isa = PBXProject;
			attributes = {
				LastUpgradeCheck = 0640;
				ORGANIZATIONNAME = "Yue Sun";
				TargetAttributes = {
					8A3AEBF21B68200900B75949 = {
						CreatedOnToolsVersion = 6.4;
					};
				};
			};
			buildConfigurationList = 8A3AEBEE1B68200900B75949 /* Build configuration list for PBXProject "CahnHilliardFD2" */;
			compatibilityVersion = "Xcode 3.2";
			developmentRegion = English;
			hasScannedForEncodings = 0;
			knownRegions = (
				en,
			);
			mainGroup = 8A3AEBEA1B68200900B75949;
			productRefGroup = 8A3AEBF41B68200900B75949 /* Products */;
			projectDirPath = "";
			projectRoot = "";
			targets = (
				8A3AEBF21B68200900B75949 /* CahnHilliardFD2 */,
			);
		};
/* End PBXProject section */

/* Begin PBXSourcesBuildPhase section */
		8A3AEBEF1B68200900B75949 /* Sources */ = {
			isa = PBXSourcesBuildPhase;
			buildActionMask = 2147483647;
			files = (
				8A3AEC061B6821D100B75949 /* input.cpp in Sources */,
				8A3AEC231B6821E500B75949 /* simulator.cpp in Sources */,
				8A3AEC071B6821D100B75949 /* kernel_float_2d.cl in Sources */,
				8A3AEBF71B68200900B75949 /* main.cpp in Sources */,
				8A3AEC211B6821E500B75949 /* randn.cpp in Sources */,
				8A3AEC081B6821D100B75949 /* kernel_float_3d.cl in Sources */,
				8A3AEC091B6821D100B75949 /* simulator_2d.cpp in Sources */,
				8A3AEC241B6821E500B75949 /* util.cpp in Sources */,
				8A3AEC1D1B6821E500B75949 /* cl_common.cpp in Sources */,
				8A3AEC0A1B6821D100B75949 /* simulator_3d.cpp in Sources */,
			);
			runOnlyForDeploymentPostprocessing = 0;
		};
/* End PBXSourcesBuildPhase section */

/* Begin XCBuildConfiguration section */
		8A3AEBF81B68200900B75949 /* Debug */ = {
			isa = XCBuildConfiguration;
			buildSettings = {
				ALWAYS_SEARCH_USER_PATHS = NO;
				CLANG_CXX_LANGUAGE_STANDARD = "gnu++0x";
				CLANG_CXX_LIBRARY = "libc++";
				CLANG_ENABLE_MODULES = YES;
				CLANG_ENABLE_OBJC_ARC = YES;
				CLANG_WARN_BOOL_CONVERSION = YES;
				CLANG_WARN_CONSTANT_CONVERSION = YES;
				CLANG_WARN_DIRECT_OBJC_ISA_USAGE = YES_ERROR;
				CLANG_WARN_EMPTY_BODY = YES;
				CLANG_WARN_ENUM_CONVERSION = YES;
				CLANG_WARN_INT_CONVERSION = YES;
				CLANG_WARN_OBJC_ROOT_CLASS = YES_ERROR;
				CLANG_WARN_UNREACHABLE_CODE = YES;
				CLANG_WARN__DUPLICATE_METHOD_MATCH = YES;
				COPY_PHASE_STRIP = NO;
				DEBUG_INFORMATION_FORMAT = dwarf;
				ENABLE_STRICT_OBJC_MSGSEND = YES;
				GCC_C_LANGUAGE_STANDARD = gnu99;
				GCC_DYNAMIC_NO_PIC = NO;
				GCC_NO_COMMON_BLOCKS = YES;
				GCC_OPTIMIZATION_LEVEL = 0;
				GCC_PREPROCESSOR_DEFINITIONS = (
					"DEBUG=1",
					"$(inherited)",
				);
				GCC_SYMBOLS_PRIVATE_EXTERN = NO;
				GCC_WARN_64_TO_32_BIT_CONVERSION = YES;
				GCC_WARN_ABOUT_RETURN_TYPE = YES_ERROR;
				GCC_WARN_UNDECLARED_SELECTOR = YES;
				GCC_WARN_UNINITIALIZED_AUTOS = YES_AGGRESSIVE;
				GCC_WARN_UNUSED_FUNCTION = YES;
				GCC_WARN_UNUSED_VARIABLE = YES;
				MACOSX_DEPLOYMENT_TARGET = 10.10;
				MTL_ENABLE_DEBUG_INFO = YES;
				ONLY_ACTIVE_ARCH = YES;
				SDKROOT = macosx;
			};
			name = Debug;
		};
		8A3AEBF91B68200900B75949 /* Release */ = {
			isa = XCBuildConfiguration;
			buildSettings = {
				ALWAYS_SEARCH_USER_PATHS = NO;
				CLANG_CXX_LANGUAGE_STANDARD = "gnu++0x";
				CLANG_CXX_LIBRARY = "libc++";
				CLANG_ENABLE_MODULES = YES;
				CLANG_ENABLE_OBJC_ARC = YES;
				CLANG_WARN_BOOL_CONVERSION = YES;
				CLANG_WARN_CONSTANT_CONVERSION = YES;
				CLANG_WARN_DIRECT_OBJC_ISA_USAGE = YES_ERROR;
				CLANG_WARN_EMPTY_BODY = YES;
				CLANG_WARN_ENUM_CONVERSION = YES;
				CLANG_WARN_INT_CONVERSION = YES;
				CLANG_WARN_OBJC_ROOT_CLASS = YES_ERROR;
				CLANG_WARN_UNREACHABLE_CODE = YES;
				CLANG_WARN__DUPLICATE_METHOD_MATCH = YES;
				COPY_PHASE_STRIP = NO;
				DEBUG_INFORMATION_FORMAT = "dwarf-with-dsym";
				ENABLE_NS_ASSERTIONS = NO;
				ENABLE_STRICT_OBJC_MSGSEND = YES;
				GCC_C_LANGUAGE_STANDARD = gnu99;
				GCC_NO_COMMON_BLOCKS = YES;
				GCC_WARN_64_TO_32_BIT_CONVERSION = YES;
				GCC_WARN_ABOUT_RETURN_TYPE = YES_ERROR;
				GCC_WARN_UNDECLARED_SELECTOR = YES;
				GCC_WARN_UNINITIALIZED_AUTOS = YES_AGGRESSIVE;
				GCC_WARN_UNUSED_FUNCTION = YES;
				GCC_WARN_UNUSED_VARIABLE = YES;
				MACOSX_DEPLOYMENT_TARGET = 10.10;
				MTL_ENABLE_DEBUG_INFO = NO;
				SDKROOT = macosx;
			};
			name = Release;
		};
		8A3AEBFB1B68200900B75949 /* Debug */ = {
			isa = XCBuildConfiguration;
			buildSettings = {
				PRODUCT_NAME = "$(TARGET_NAME)";
			};
			name = Debug;
		};
		8A3AEBFC1B68200900B75949 /* Release */ = {
			isa = XCBuildConfiguration;
			buildSettings = {
				PRODUCT_NAME = "$(TARGET_NAME)";
			};
			name = Release;
		};
/* End XCBuildConfiguration section */

/* Begin XCConfigurationList section */
		8A3AEBEE1B68200900B75949 /* Build configuration list for PBXProject "CahnHilliardFD2" */ = {
			isa = XCConfigurationList;
			buildConfigurations = (
				8A3AEBF81B68200900B75949 /* Debug */,
				8A3AEBF91B68200900B75949 /* Release */,
			);
			defaultConfigurationIsVisible = 0;
			defaultConfigurationName = Release;
		};
		8A3AEBFA1B68200900B75949 /* Build configuration list for PBXNativeTarget "CahnHilliardFD2" */ = {
			isa = XCConfigurationList;
			buildConfigurations = (
				8A3AEBFB1B68200900B75949 /* Debug */,
				8A3AEBFC1B68200900B75949 /* Release */,
			);
			defaultConfigurationIsVisible = 0;
			defaultConfigurationName = Release;
		};
/* End XCConfigurationList section */
	};
	rootObject = 8A3AEBEB1B68200900B75949 /* Project object */;
}
